
Microsoft Visual Studio Solution File, Format Version 12.00
# Visual Studio 14
VisualStudioVersion = 14.0.25420.1
MinimumVisualStudioVersion = 10.0.40219.1
Project("{FAE04EC0-301F-11D3-BF4B-00C04F79EFBC}") = "EventManagement.Web", "EventManagement.Web\EventManagement.Web.csproj", "{695AC44E-56D6-4876-AB04-471BC23F354B}"
EndProject
Project("{FAE04EC0-301F-11D3-BF4B-00C04F79EFBC}") = "EventManagement.DataModels", "EventManagement.Models\EventManagement.DataModels.csproj", "{365B3531-CAEE-49B9-A872-3AB74004204D}"
EndProject
Project("{FAE04EC0-301F-11D3-BF4B-00C04F79EFBC}") = "EventManagement.DAL", "EventManagement.DAL\EventManagement.DAL.csproj", "{CF3A9AC3-5DEB-4667-9915-8E334B3BDC3A}"
EndProject
Project("{FAE04EC0-301F-11D3-BF4B-00C04F79EFBC}") = "EventManagement.BLL", "EventManagement.BLL\EventManagement.BLL.csproj", "{8C01E59F-0CA2-4C9A-91B0-D52EB293C8E1}"
EndProject
Project("{00D1A9C2-B5F0-4AF3-8072-F6C62B433612}") = "EventManagement.Database", "EventManagement.Database\EventManagement.Database.sqlproj", "{A08D3E93-C027-45F3-8BCA-CCAE706B0990}"
EndProject
Global
	GlobalSection(SolutionConfigurationPlatforms) = preSolution
		Debug|Any CPU = Debug|Any CPU
		Release|Any CPU = Release|Any CPU
	EndGlobalSection
	GlobalSection(ProjectConfigurationPlatforms) = postSolution
		{695AC44E-56D6-4876-AB04-471BC23F354B}.Debug|Any CPU.ActiveCfg = Debug|Any CPU
		{695AC44E-56D6-4876-AB04-471BC23F354B}.Debug|Any CPU.Build.0 = Debug|Any CPU
		{695AC44E-56D6-4876-AB04-471BC23F354B}.Release|Any CPU.ActiveCfg = Release|Any CPU
		{695AC44E-56D6-4876-AB04-471BC23F354B}.Release|Any CPU.Build.0 = Release|Any CPU
		{365B3531-CAEE-49B9-A872-3AB74004204D}.Debug|Any CPU.ActiveCfg = Debug|Any CPU
		{365B3531-CAEE-49B9-A872-3AB74004204D}.Debug|Any CPU.Build.0 = Debug|Any CPU
		{365B3531-CAEE-49B9-A872-3AB74004204D}.Release|Any CPU.ActiveCfg = Release|Any CPU
		{365B3531-CAEE-49B9-A872-3AB74004204D}.Release|Any CPU.Build.0 = Release|Any CPU
		{CF3A9AC3-5DEB-4667-9915-8E334B3BDC3A}.Debug|Any CPU.ActiveCfg = Debug|Any CPU
		{CF3A9AC3-5DEB-4667-9915-8E334B3BDC3A}.Debug|Any CPU.Build.0 = Debug|Any CPU
		{CF3A9AC3-5DEB-4667-9915-8E334B3BDC3A}.Release|Any CPU.ActiveCfg = Release|Any CPU
		{CF3A9AC3-5DEB-4667-9915-8E334B3BDC3A}.Release|Any CPU.Build.0 = Release|Any CPU
		{8C01E59F-0CA2-4C9A-91B0-D52EB293C8E1}.Debug|Any CPU.ActiveCfg = Debug|Any CPU
		{8C01E59F-0CA2-4C9A-91B0-D52EB293C8E1}.Debug|Any CPU.Build.0 = Debug|Any CPU
		{8C01E59F-0CA2-4C9A-91B0-D52EB293C8E1}.Release|Any CPU.ActiveCfg = Release|Any CPU
		{8C01E59F-0CA2-4C9A-91B0-D52EB293C8E1}.Release|Any CPU.Build.0 = Release|Any CPU
		{A08D3E93-C027-45F3-8BCA-CCAE706B0990}.Debug|Any CPU.ActiveCfg = Debug|Any CPU
		{A08D3E93-C027-45F3-8BCA-CCAE706B0990}.Debug|Any CPU.Build.0 = Debug|Any CPU
		{A08D3E93-C027-45F3-8BCA-CCAE706B0990}.Debug|Any CPU.Deploy.0 = Debug|Any CPU
		{A08D3E93-C027-45F3-8BCA-CCAE706B0990}.Release|Any CPU.ActiveCfg = Release|Any CPU
		{A08D3E93-C027-45F3-8BCA-CCAE706B0990}.Release|Any CPU.Build.0 = Release|Any CPU
		{A08D3E93-C027-45F3-8BCA-CCAE706B0990}.Release|Any CPU.Deploy.0 = Release|Any CPU
	EndGlobalSection
	GlobalSection(SolutionProperties) = preSolution
		HideSolutionNode = FALSE
	EndGlobalSection
EndGlobal
